{
  "version": 4,
  "terraform_version": "1.5.7",
  "serial": 38,
  "lineage": "547e50ff-08ab-a2b9-2db3-c62ca52c9fe4",
  "outputs": {
    "alb_dns_name": {
      "value": "dynamodb-sage-alb-421740889.eu-north-1.elb.amazonaws.com",
      "type": "string"
    },
    "docker_push_commands": {
      "value": "# Authenticate Docker to ECR\naws ecr get-login-password --region eu-north-1 | docker login --username AWS --password-stdin 335360747704.dkr.ecr.eu-north-1.amazonaws.com/dynamodb-sage\n\n# Build the image\ndocker build -t dynamodb-sage .\n\n# Tag and push\ndocker tag dynamodb-sage:latest 335360747704.dkr.ecr.eu-north-1.amazonaws.com/dynamodb-sage:latest\ndocker push 335360747704.dkr.ecr.eu-north-1.amazonaws.com/dynamodb-sage:latest\n\n# Force ECS to pull the new image\naws ecs update-service --cluster dynamodb-sage-cluster --service dynamodb-sage-service --force-new-deployment --region eu-north-1\n",
      "type": "string"
    },
    "ecr_repository_url": {
      "value": "335360747704.dkr.ecr.eu-north-1.amazonaws.com/dynamodb-sage",
      "type": "string"
    },
    "ecs_cluster_name": {
      "value": "dynamodb-sage-cluster",
      "type": "string"
    },
    "ecs_service_name": {
      "value": "dynamodb-sage-service",
      "type": "string"
    },
    "efs_file_system_id": {
      "value": "fs-02908715c4ff0359b",
      "type": "string"
    }
  },
  "resources": [
    {
      "mode": "data",
      "type": "aws_availability_zones",
      "name": "available",
      "provider": "provider[\"registry.terraform.io/hashicorp/aws\"]",
      "instances": [
        {
          "schema_version": 0,
          "attributes": {
            "all_availability_zones": null,
            "exclude_names": null,
            "exclude_zone_ids": null,
            "filter": null,
            "group_names": [
              "eu-north-1-zg-1"
            ],
            "id": "eu-north-1",
            "names": [
              "eu-north-1a",
              "eu-north-1b",
              "eu-north-1c"
            ],
            "state": "available",
            "timeouts": null,
            "zone_ids": [
              "eun1-az1",
              "eun1-az2",
              "eun1-az3"
            ]
          },
          "sensitive_attributes": []
        }
      ]
    },
    {
      "mode": "data",
      "type": "aws_caller_identity",
      "name": "current",
      "provider": "provider[\"registry.terraform.io/hashicorp/aws\"]",
      "instances": [
        {
          "schema_version": 0,
          "attributes": {
            "account_id": "335360747704",
            "arn": "arn:aws:iam::335360747704:user/Tao",
            "id": "335360747704",
            "user_id": "AIDAU4FIO5C4MXZ43BYZJ"
          },
          "sensitive_attributes": []
        }
      ]
    },
    {
      "mode": "managed",
      "type": "aws_cloudwatch_log_group",
      "name": "app",
      "provider": "provider[\"registry.terraform.io/hashicorp/aws\"]",
      "instances": [
        {
          "schema_version": 0,
          "attributes": {
            "arn": "arn:aws:logs:eu-north-1:335360747704:log-group:/ecs/dynamodb-sage",
            "id": "/ecs/dynamodb-sage",
            "kms_key_id": "",
            "log_group_class": "STANDARD",
            "name": "/ecs/dynamodb-sage",
            "name_prefix": "",
            "retention_in_days": 30,
            "skip_destroy": false,
            "tags": {},
            "tags_all": {
              "Environment": "production",
              "ManagedBy": "terraform",
              "Project": "dynamodb-sage"
            }
          },
          "sensitive_attributes": [],
          "private": "bnVsbA=="
        }
      ]
    },
    {
      "mode": "managed",
      "type": "aws_ecr_lifecycle_policy",
      "name": "app",
      "provider": "provider[\"registry.terraform.io/hashicorp/aws\"]",
      "instances": [
        {
          "schema_version": 0,
          "attributes": {
            "id": "dynamodb-sage",
            "policy": "{\"rules\":[{\"action\":{\"type\":\"expire\"},\"description\":\"Keep only last 10 images\",\"rulePriority\":1,\"selection\":{\"countNumber\":10,\"countType\":\"imageCountMoreThan\",\"tagStatus\":\"any\"}}]}",
            "registry_id": "335360747704",
            "repository": "dynamodb-sage"
          },
          "sensitive_attributes": [],
          "private": "bnVsbA==",
          "dependencies": [
            "aws_ecr_repository.app"
          ]
        }
      ]
    },
    {
      "mode": "managed",
      "type": "aws_ecr_repository",
      "name": "app",
      "provider": "provider[\"registry.terraform.io/hashicorp/aws\"]",
      "instances": [
        {
          "schema_version": 0,
          "attributes": {
            "arn": "arn:aws:ecr:eu-north-1:335360747704:repository/dynamodb-sage",
            "encryption_configuration": [
              {
                "encryption_type": "AES256",
                "kms_key": ""
              }
            ],
            "force_delete": true,
            "id": "dynamodb-sage",
            "image_scanning_configuration": [
              {
                "scan_on_push": true
              }
            ],
            "image_tag_mutability": "MUTABLE",
            "name": "dynamodb-sage",
            "registry_id": "335360747704",
            "repository_url": "335360747704.dkr.ecr.eu-north-1.amazonaws.com/dynamodb-sage",
            "tags": {
              "Name": "dynamodb-sage-ecr"
            },
            "tags_all": {
              "Environment": "production",
              "ManagedBy": "terraform",
              "Name": "dynamodb-sage-ecr",
              "Project": "dynamodb-sage"
            },
            "timeouts": null
          },
          "sensitive_attributes": [],
          "private": "eyJlMmJmYjczMC1lY2FhLTExZTYtOGY4OC0zNDM2M2JjN2M0YzAiOnsiZGVsZXRlIjoxMjAwMDAwMDAwMDAwfX0="
        }
      ]
    },
    {
      "mode": "managed",
      "type": "aws_ecs_cluster",
      "name": "main",
      "provider": "provider[\"registry.terraform.io/hashicorp/aws\"]",
      "instances": [
        {
          "schema_version": 0,
          "attributes": {
            "arn": "arn:aws:ecs:eu-north-1:335360747704:cluster/dynamodb-sage-cluster",
            "configuration": [],
            "id": "arn:aws:ecs:eu-north-1:335360747704:cluster/dynamodb-sage-cluster",
            "name": "dynamodb-sage-cluster",
            "service_connect_defaults": [],
            "setting": [
              {
                "name": "containerInsights",
                "value": "enabled"
              }
            ],
            "tags": {},
            "tags_all": {
              "Environment": "production",
              "ManagedBy": "terraform",
              "Project": "dynamodb-sage"
            }
          },
          "sensitive_attributes": [],
          "private": "bnVsbA=="
        }
      ]
    },
    {
      "mode": "managed",
      "type": "aws_ecs_service",
      "name": "app",
      "provider": "provider[\"registry.terraform.io/hashicorp/aws\"]",
      "instances": [
        {
          "schema_version": 1,
          "attributes": {
            "alarms": [],
            "availability_zone_rebalancing": "DISABLED",
            "capacity_provider_strategy": [],
            "cluster": "arn:aws:ecs:eu-north-1:335360747704:cluster/dynamodb-sage-cluster",
            "deployment_circuit_breaker": [
              {
                "enable": false,
                "rollback": false
              }
            ],
            "deployment_controller": [
              {
                "type": "ECS"
              }
            ],
            "deployment_maximum_percent": 200,
            "deployment_minimum_healthy_percent": 100,
            "desired_count": 1,
            "enable_ecs_managed_tags": false,
            "enable_execute_command": false,
            "force_delete": null,
            "force_new_deployment": null,
            "health_check_grace_period_seconds": 0,
            "iam_role": "/aws-service-role/ecs.amazonaws.com/AWSServiceRoleForECS",
            "id": "arn:aws:ecs:eu-north-1:335360747704:service/dynamodb-sage-cluster/dynamodb-sage-service",
            "launch_type": "FARGATE",
            "load_balancer": [
              {
                "container_name": "dynamodb-sage",
                "container_port": 8080,
                "elb_name": "",
                "target_group_arn": "arn:aws:elasticloadbalancing:eu-north-1:335360747704:targetgroup/dynamodb-sage-tg/a2efcbf385893031"
              }
            ],
            "name": "dynamodb-sage-service",
            "network_configuration": [
              {
                "assign_public_ip": true,
                "security_groups": [
                  "sg-01295442cbb9a2f34"
                ],
                "subnets": [
                  "subnet-0e502ebab7631f04e",
                  "subnet-0fd75f8c3f9461e37"
                ]
              }
            ],
            "ordered_placement_strategy": [],
            "placement_constraints": [],
            "platform_version": "LATEST",
            "propagate_tags": "NONE",
            "scheduling_strategy": "REPLICA",
            "service_connect_configuration": [],
            "service_registries": [],
            "tags": {},
            "tags_all": {
              "Environment": "production",
              "ManagedBy": "terraform",
              "Project": "dynamodb-sage"
            },
            "task_definition": "arn:aws:ecs:eu-north-1:335360747704:task-definition/dynamodb-sage:23",
            "timeouts": null,
            "triggers": {},
            "volume_configuration": [],
            "vpc_lattice_configurations": [],
            "wait_for_steady_state": false
          },
          "sensitive_attributes": [],
          "private": "eyJlMmJmYjczMC1lY2FhLTExZTYtOGY4OC0zNDM2M2JjN2M0YzAiOnsiY3JlYXRlIjoxMjAwMDAwMDAwMDAwLCJkZWxldGUiOjEyMDAwMDAwMDAwMDAsInVwZGF0ZSI6MTIwMDAwMDAwMDAwMH0sInNjaGVtYV92ZXJzaW9uIjoiMSJ9",
          "dependencies": [
            "aws_cloudwatch_log_group.app",
            "aws_ecr_repository.app",
            "aws_ecs_cluster.main",
            "aws_ecs_task_definition.app",
            "aws_efs_access_point.app",
            "aws_efs_file_system.app",
            "aws_iam_role.ecs_task",
            "aws_iam_role.ecs_task_execution",
            "aws_iam_role_policy_attachment.ecs_task_execution",
            "aws_lb_listener.http",
            "aws_lb_target_group.app",
            "aws_security_group.ecs_tasks",
            "aws_subnet.public"
          ]
        }
      ]
    },
    {
      "mode": "managed",
      "type": "aws_ecs_task_definition",
      "name": "app",
      "provider": "provider[\"registry.terraform.io/hashicorp/aws\"]",
      "instances": [
        {
          "schema_version": 1,
          "attributes": {
            "arn": "arn:aws:ecs:eu-north-1:335360747704:task-definition/dynamodb-sage:23",
            "arn_without_revision": "arn:aws:ecs:eu-north-1:335360747704:task-definition/dynamodb-sage",
            "container_definitions": "[{\"environment\":[{\"name\":\"AWS_REGION\",\"value\":\"eu-north-1\"},{\"name\":\"CONFIG_PATH\",\"value\":\"/app/config.yaml\"},{\"name\":\"DYNAMO_SAGE_ADDR\",\"value\":\":8080\"},{\"name\":\"DYNAMO_SAGE_DB\",\"value\":\"/app/data/audit.db\"},{\"name\":\"MCP_TRANSPORT_MODE\",\"value\":\"sse\"}],\"essential\":true,\"healthCheck\":{\"command\":[\"CMD-SHELL\",\"wget --no-verbose --tries=1 --spider http://localhost:8080/health || exit 1\"],\"interval\":30,\"retries\":3,\"startPeriod\":10,\"timeout\":5},\"image\":\"335360747704.dkr.ecr.eu-north-1.amazonaws.com/dynamodb-sage:latest\",\"linuxParameters\":{\"initProcessEnabled\":true},\"logConfiguration\":{\"logDriver\":\"awslogs\",\"options\":{\"awslogs-group\":\"/ecs/dynamodb-sage\",\"awslogs-region\":\"eu-north-1\",\"awslogs-stream-prefix\":\"ecs\"}},\"mountPoints\":[{\"containerPath\":\"/app/data\",\"readOnly\":false,\"sourceVolume\":\"audit-data\"}],\"name\":\"dynamodb-sage\",\"portMappings\":[{\"containerPort\":8080,\"hostPort\":8080,\"protocol\":\"tcp\"}],\"systemControls\":[],\"volumesFrom\":[]}]",
            "cpu": "256",
            "enable_fault_injection": false,
            "ephemeral_storage": [],
            "execution_role_arn": "arn:aws:iam::335360747704:role/dynamodb-sage-ecs-execution-role",
            "family": "dynamodb-sage",
            "id": "dynamodb-sage",
            "inference_accelerator": [],
            "ipc_mode": "",
            "memory": "512",
            "network_mode": "awsvpc",
            "pid_mode": "",
            "placement_constraints": [],
            "proxy_configuration": [],
            "requires_compatibilities": [
              "FARGATE"
            ],
            "revision": 23,
            "runtime_platform": [
              {
                "cpu_architecture": "X86_64",
                "operating_system_family": "LINUX"
              }
            ],
            "skip_destroy": false,
            "tags": null,
            "tags_all": {
              "Environment": "production",
              "ManagedBy": "terraform",
              "Project": "dynamodb-sage"
            },
            "task_role_arn": "arn:aws:iam::335360747704:role/dynamodb-sage-ecs-task-role",
            "track_latest": false,
            "volume": [
              {
                "configure_at_launch": false,
                "docker_volume_configuration": [],
                "efs_volume_configuration": [
                  {
                    "authorization_config": [
                      {
                        "access_point_id": "fsap-0b224c08119d63b73",
                        "iam": "ENABLED"
                      }
                    ],
                    "file_system_id": "fs-02908715c4ff0359b",
                    "root_directory": "/",
                    "transit_encryption": "ENABLED",
                    "transit_encryption_port": 0
                  }
                ],
                "fsx_windows_file_server_volume_configuration": [],
                "host_path": "",
                "name": "audit-data"
              }
            ]
          },
          "sensitive_attributes": [],
          "private": "eyJzY2hlbWFfdmVyc2lvbiI6IjEifQ==",
          "dependencies": [
            "aws_cloudwatch_log_group.app",
            "aws_ecr_repository.app",
            "aws_efs_access_point.app",
            "aws_efs_file_system.app",
            "aws_iam_role.ecs_task",
            "aws_iam_role.ecs_task_execution"
          ]
        }
      ]
    },
    {
      "mode": "managed",
      "type": "aws_efs_access_point",
      "name": "app",
      "provider": "provider[\"registry.terraform.io/hashicorp/aws\"]",
      "instances": [
        {
          "schema_version": 0,
          "attributes": {
            "arn": "arn:aws:elasticfilesystem:eu-north-1:335360747704:access-point/fsap-0b224c08119d63b73",
            "file_system_arn": "arn:aws:elasticfilesystem:eu-north-1:335360747704:file-system/fs-02908715c4ff0359b",
            "file_system_id": "fs-02908715c4ff0359b",
            "id": "fsap-0b224c08119d63b73",
            "owner_id": "335360747704",
            "posix_user": [
              {
                "gid": 1000,
                "secondary_gids": null,
                "uid": 1000
              }
            ],
            "root_directory": [
              {
                "creation_info": [
                  {
                    "owner_gid": 1000,
                    "owner_uid": 1000,
                    "permissions": "755"
                  }
                ],
                "path": "/data"
              }
            ],
            "tags": {
              "Name": "dynamodb-sage-efs-ap"
            },
            "tags_all": {
              "Environment": "production",
              "ManagedBy": "terraform",
              "Name": "dynamodb-sage-efs-ap",
              "Project": "dynamodb-sage"
            }
          },
          "sensitive_attributes": [],
          "private": "bnVsbA==",
          "dependencies": [
            "aws_efs_file_system.app"
          ]
        }
      ]
    },
    {
      "mode": "managed",
      "type": "aws_efs_file_system",
      "name": "app",
      "provider": "provider[\"registry.terraform.io/hashicorp/aws\"]",
      "instances": [
        {
          "schema_version": 0,
          "attributes": {
            "arn": "arn:aws:elasticfilesystem:eu-north-1:335360747704:file-system/fs-02908715c4ff0359b",
            "availability_zone_id": "",
            "availability_zone_name": "",
            "creation_token": "dynamodb-sage-audit",
            "dns_name": "fs-02908715c4ff0359b.efs.eu-north-1.amazonaws.com",
            "encrypted": true,
            "id": "fs-02908715c4ff0359b",
            "kms_key_id": "arn:aws:kms:eu-north-1:335360747704:key/2a8b9fa8-a620-43a9-ac0c-9d73ff43f5d9",
            "lifecycle_policy": [],
            "name": "dynamodb-sage-efs",
            "number_of_mount_targets": 0,
            "owner_id": "335360747704",
            "performance_mode": "generalPurpose",
            "protection": [
              {
                "replication_overwrite": "ENABLED"
              }
            ],
            "provisioned_throughput_in_mibps": 0,
            "size_in_bytes": [
              {
                "value": 6144,
                "value_in_ia": 0,
                "value_in_standard": 6144
              }
            ],
            "tags": {
              "Name": "dynamodb-sage-efs"
            },
            "tags_all": {
              "Environment": "production",
              "ManagedBy": "terraform",
              "Name": "dynamodb-sage-efs",
              "Project": "dynamodb-sage"
            },
            "throughput_mode": "bursting"
          },
          "sensitive_attributes": [],
          "private": "bnVsbA=="
        }
      ]
    },
    {
      "mode": "managed",
      "type": "aws_efs_mount_target",
      "name": "app",
      "provider": "provider[\"registry.terraform.io/hashicorp/aws\"]",
      "instances": [
        {
          "index_key": 0,
          "schema_version": 0,
          "attributes": {
            "availability_zone_id": "eun1-az1",
            "availability_zone_name": "eu-north-1a",
            "dns_name": "fs-02908715c4ff0359b.efs.eu-north-1.amazonaws.com",
            "file_system_arn": "arn:aws:elasticfilesystem:eu-north-1:335360747704:file-system/fs-02908715c4ff0359b",
            "file_system_id": "fs-02908715c4ff0359b",
            "id": "fsmt-09ae2e90f71c36102",
            "ip_address": "10.0.1.227",
            "mount_target_dns_name": "eu-north-1a.fs-02908715c4ff0359b.efs.eu-north-1.amazonaws.com",
            "network_interface_id": "eni-0b99d6673ade1c437",
            "owner_id": "335360747704",
            "security_groups": [
              "sg-02ae4f8b0a6dc47d1"
            ],
            "subnet_id": "subnet-0e502ebab7631f04e",
            "timeouts": null
          },
          "sensitive_attributes": [],
          "private": "eyJlMmJmYjczMC1lY2FhLTExZTYtOGY4OC0zNDM2M2JjN2M0YzAiOnsiY3JlYXRlIjoxODAwMDAwMDAwMDAwLCJkZWxldGUiOjYwMDAwMDAwMDAwMH19",
          "dependencies": [
            "aws_efs_file_system.app",
            "aws_security_group.ecs_tasks",
            "aws_security_group.efs",
            "aws_subnet.public",
            "aws_vpc.main"
          ]
        },
        {
          "index_key": 1,
          "schema_version": 0,
          "attributes": {
            "availability_zone_id": "eun1-az2",
            "availability_zone_name": "eu-north-1b",
            "dns_name": "fs-02908715c4ff0359b.efs.eu-north-1.amazonaws.com",
            "file_system_arn": "arn:aws:elasticfilesystem:eu-north-1:335360747704:file-system/fs-02908715c4ff0359b",
            "file_system_id": "fs-02908715c4ff0359b",
            "id": "fsmt-0343633801bfcde6f",
            "ip_address": "10.0.2.192",
            "mount_target_dns_name": "eu-north-1b.fs-02908715c4ff0359b.efs.eu-north-1.amazonaws.com",
            "network_interface_id": "eni-0cbeeed17929f06d3",
            "owner_id": "335360747704",
            "security_groups": [
              "sg-02ae4f8b0a6dc47d1"
            ],
            "subnet_id": "subnet-0fd75f8c3f9461e37",
            "timeouts": null
          },
          "sensitive_attributes": [],
          "private": "eyJlMmJmYjczMC1lY2FhLTExZTYtOGY4OC0zNDM2M2JjN2M0YzAiOnsiY3JlYXRlIjoxODAwMDAwMDAwMDAwLCJkZWxldGUiOjYwMDAwMDAwMDAwMH19",
          "dependencies": [
            "aws_efs_file_system.app",
            "aws_security_group.ecs_tasks",
            "aws_security_group.efs",
            "aws_subnet.public",
            "aws_vpc.main"
          ]
        }
      ]
    },
    {
      "mode": "managed",
      "type": "aws_iam_role",
      "name": "ecs_task",
      "provider": "provider[\"registry.terraform.io/hashicorp/aws\"]",
      "instances": [
        {
          "schema_version": 0,
          "attributes": {
            "arn": "arn:aws:iam::335360747704:role/dynamodb-sage-ecs-task-role",
            "assume_role_policy": "{\"Statement\":[{\"Action\":\"sts:AssumeRole\",\"Effect\":\"Allow\",\"Principal\":{\"Service\":\"ecs-tasks.amazonaws.com\"}}],\"Version\":\"2012-10-17\"}",
            "create_date": "2026-05-26T13:04:56Z",
            "description": "",
            "force_detach_policies": false,
            "id": "dynamodb-sage-ecs-task-role",
            "inline_policy": [
              {
                "name": "dynamodb-sage-dynamodb-access",
                "policy": "{\"Version\":\"2012-10-17\",\"Statement\":[{\"Action\":[\"dynamodb:BatchGetItem\",\"dynamodb:BatchWriteItem\",\"dynamodb:DeleteItem\",\"dynamodb:DescribeTable\",\"dynamodb:GetItem\",\"dynamodb:PutItem\",\"dynamodb:Query\",\"dynamodb:Scan\",\"dynamodb:UpdateItem\",\"dynamodb:UpdateTable\",\"dynamodb:ListTables\",\"dynamodb:CreateTable\",\"dynamodb:DeleteTable\",\"dynamodb:DescribeTimeToLive\",\"dynamodb:UpdateTimeToLive\",\"dynamodb:TagResource\",\"dynamodb:UntagResource\",\"dynamodb:ListTagsOfResource\"],\"Effect\":\"Allow\",\"Resource\":[\"arn:aws:dynamodb:eu-north-1:335360747704:table/*\"]},{\"Action\":[\"dynamodb:ListTables\"],\"Effect\":\"Allow\",\"Resource\":\"*\"},{\"Action\":[\"sts:GetCallerIdentity\"],\"Effect\":\"Allow\",\"Resource\":\"*\"}]}"
              }
            ],
            "managed_policy_arns": [],
            "max_session_duration": 3600,
            "name": "dynamodb-sage-ecs-task-role",
            "name_prefix": "",
            "path": "/",
            "permissions_boundary": "",
            "tags": {},
            "tags_all": {
              "Environment": "production",
              "ManagedBy": "terraform",
              "Project": "dynamodb-sage"
            },
            "unique_id": "AROAU4FIO5C4HYDUUZWWI"
          },
          "sensitive_attributes": [],
          "private": "bnVsbA=="
        }
      ]
    },
    {
      "mode": "managed",
      "type": "aws_iam_role",
      "name": "ecs_task_execution",
      "provider": "provider[\"registry.terraform.io/hashicorp/aws\"]",
      "instances": [
        {
          "schema_version": 0,
          "attributes": {
            "arn": "arn:aws:iam::335360747704:role/dynamodb-sage-ecs-execution-role",
            "assume_role_policy": "{\"Statement\":[{\"Action\":\"sts:AssumeRole\",\"Effect\":\"Allow\",\"Principal\":{\"Service\":\"ecs-tasks.amazonaws.com\"}}],\"Version\":\"2012-10-17\"}",
            "create_date": "2026-05-26T13:04:56Z",
            "description": "",
            "force_detach_policies": false,
            "id": "dynamodb-sage-ecs-execution-role",
            "inline_policy": [],
            "managed_policy_arns": [
              "arn:aws:iam::aws:policy/service-role/AmazonECSTaskExecutionRolePolicy"
            ],
            "max_session_duration": 3600,
            "name": "dynamodb-sage-ecs-execution-role",
            "name_prefix": "",
            "path": "/",
            "permissions_boundary": "",
            "tags": {},
            "tags_all": {
              "Environment": "production",
              "ManagedBy": "terraform",
              "Project": "dynamodb-sage"
            },
            "unique_id": "AROAU4FIO5C4H36EU67LX"
          },
          "sensitive_attributes": [],
          "private": "bnVsbA=="
        }
      ]
    },
    {
      "mode": "managed",
      "type": "aws_iam_role_policy",
      "name": "ecs_task_dynamodb",
      "provider": "provider[\"registry.terraform.io/hashicorp/aws\"]",
      "instances": [
        {
          "schema_version": 0,
          "attributes": {
            "id": "dynamodb-sage-ecs-task-role:dynamodb-sage-dynamodb-access",
            "name": "dynamodb-sage-dynamodb-access",
            "name_prefix": "",
            "policy": "{\"Version\":\"2012-10-17\",\"Statement\":[{\"Action\":[\"dynamodb:BatchGetItem\",\"dynamodb:BatchWriteItem\",\"dynamodb:DeleteItem\",\"dynamodb:DescribeTable\",\"dynamodb:GetItem\",\"dynamodb:PutItem\",\"dynamodb:Query\",\"dynamodb:Scan\",\"dynamodb:UpdateItem\",\"dynamodb:UpdateTable\",\"dynamodb:ListTables\",\"dynamodb:CreateTable\",\"dynamodb:DeleteTable\",\"dynamodb:DescribeTimeToLive\",\"dynamodb:UpdateTimeToLive\",\"dynamodb:TagResource\",\"dynamodb:UntagResource\",\"dynamodb:ListTagsOfResource\"],\"Effect\":\"Allow\",\"Resource\":[\"arn:aws:dynamodb:eu-north-1:335360747704:table/*\"]},{\"Action\":[\"dynamodb:ListTables\"],\"Effect\":\"Allow\",\"Resource\":\"*\"},{\"Action\":[\"sts:GetCallerIdentity\"],\"Effect\":\"Allow\",\"Resource\":\"*\"}]}",
            "role": "dynamodb-sage-ecs-task-role"
          },
          "sensitive_attributes": [],
          "private": "bnVsbA==",
          "dependencies": [
            "aws_iam_role.ecs_task",
            "data.aws_caller_identity.current"
          ]
        }
      ]
    },
    {
      "mode": "managed",
      "type": "aws_iam_role_policy",
      "name": "ecs_task_execution_efs",
      "provider": "provider[\"registry.terraform.io/hashicorp/aws\"]",
      "instances": [
        {
          "schema_version": 0,
          "attributes": {
            "id": "dynamodb-sage-ecs-execution-role:dynamodb-sage-efs-mount",
            "name": "dynamodb-sage-efs-mount",
            "name_prefix": "",
            "policy": "{\"Version\":\"2012-10-17\",\"Statement\":[{\"Action\":[\"elasticfilesystem:ClientMount\",\"elasticfilesystem:ClientWrite\",\"elasticfilesystem:ClientRootAccess\"],\"Effect\":\"Allow\",\"Resource\":[\"arn:aws:elasticfilesystem:eu-north-1:335360747704:file-system/fs-02908715c4ff0359b\"]}]}",
            "role": "dynamodb-sage-ecs-execution-role"
          },
          "sensitive_attributes": [],
          "private": "bnVsbA==",
          "dependencies": [
            "aws_efs_file_system.app",
            "aws_iam_role.ecs_task_execution"
          ]
        }
      ]
    },
    {
      "mode": "managed",
      "type": "aws_iam_role_policy_attachment",
      "name": "ecs_task_execution",
      "provider": "provider[\"registry.terraform.io/hashicorp/aws\"]",
      "instances": [
        {
          "schema_version": 0,
          "attributes": {
            "id": "dynamodb-sage-ecs-execution-role-20260526130457705200000001",
            "policy_arn": "arn:aws:iam::aws:policy/service-role/AmazonECSTaskExecutionRolePolicy",
            "role": "dynamodb-sage-ecs-execution-role"
          },
          "sensitive_attributes": [],
          "private": "bnVsbA==",
          "dependencies": [
            "aws_iam_role.ecs_task_execution"
          ]
        }
      ]
    },
    {
      "mode": "managed",
      "type": "aws_internet_gateway",
      "name": "main",
      "provider": "provider[\"registry.terraform.io/hashicorp/aws\"]",
      "instances": [
        {
          "schema_version": 0,
          "attributes": {
            "arn": "arn:aws:ec2:eu-north-1:335360747704:internet-gateway/igw-0b9b162afb9bfbff1",
            "id": "igw-0b9b162afb9bfbff1",
            "owner_id": "335360747704",
            "tags": {
              "Name": "dynamodb-sage-igw"
            },
            "tags_all": {
              "Environment": "production",
              "ManagedBy": "terraform",
              "Name": "dynamodb-sage-igw",
              "Project": "dynamodb-sage"
            },
            "timeouts": null,
            "vpc_id": "vpc-0c2eba6c64db0084c"
          },
          "sensitive_attributes": [],
          "private": "eyJlMmJmYjczMC1lY2FhLTExZTYtOGY4OC0zNDM2M2JjN2M0YzAiOnsiY3JlYXRlIjoxMjAwMDAwMDAwMDAwLCJkZWxldGUiOjEyMDAwMDAwMDAwMDAsInVwZGF0ZSI6MTIwMDAwMDAwMDAwMH19",
          "dependencies": [
            "aws_vpc.main"
          ]
        }
      ]
    },
    {
      "mode": "managed",
      "type": "aws_lb",
      "name": "app",
      "provider": "provider[\"registry.terraform.io/hashicorp/aws\"]",
      "instances": [
        {
          "schema_version": 0,
          "attributes": {
            "access_logs": [
              {
                "bucket": "",
                "enabled": false,
                "prefix": ""
              }
            ],
            "arn": "arn:aws:elasticloadbalancing:eu-north-1:335360747704:loadbalancer/app/dynamodb-sage-alb/aa89432624f0e85d",
            "arn_suffix": "app/dynamodb-sage-alb/aa89432624f0e85d",
            "client_keep_alive": 3600,
            "connection_logs": [
              {
                "bucket": "",
                "enabled": false,
                "prefix": ""
              }
            ],
            "customer_owned_ipv4_pool": "",
            "desync_mitigation_mode": "defensive",
            "dns_name": "dynamodb-sage-alb-421740889.eu-north-1.elb.amazonaws.com",
            "dns_record_client_routing_policy": null,
            "drop_invalid_header_fields": false,
            "enable_cross_zone_load_balancing": true,
            "enable_deletion_protection": false,
            "enable_http2": true,
            "enable_tls_version_and_cipher_suite_headers": false,
            "enable_waf_fail_open": false,
            "enable_xff_client_port": false,
            "enable_zonal_shift": false,
            "enforce_security_group_inbound_rules_on_private_link_traffic": "",
            "id": "arn:aws:elasticloadbalancing:eu-north-1:335360747704:loadbalancer/app/dynamodb-sage-alb/aa89432624f0e85d",
            "idle_timeout": 60,
            "internal": false,
            "ip_address_type": "ipv4",
            "ipam_pools": [],
            "load_balancer_type": "application",
            "minimum_load_balancer_capacity": [],
            "name": "dynamodb-sage-alb",
            "name_prefix": "",
            "preserve_host_header": false,
            "security_groups": [
              "sg-06cda5de73632c408"
            ],
            "subnet_mapping": [
              {
                "allocation_id": "",
                "ipv6_address": "",
                "outpost_id": "",
                "private_ipv4_address": "",
                "subnet_id": "subnet-0e502ebab7631f04e"
              },
              {
                "allocation_id": "",
                "ipv6_address": "",
                "outpost_id": "",
                "private_ipv4_address": "",
                "subnet_id": "subnet-0fd75f8c3f9461e37"
              }
            ],
            "subnets": [
              "subnet-0e502ebab7631f04e",
              "subnet-0fd75f8c3f9461e37"
            ],
            "tags": {
              "Name": "dynamodb-sage-alb"
            },
            "tags_all": {
              "Environment": "production",
              "ManagedBy": "terraform",
              "Name": "dynamodb-sage-alb",
              "Project": "dynamodb-sage"
            },
            "timeouts": null,
            "vpc_id": "vpc-0c2eba6c64db0084c",
            "xff_header_processing_mode": "append",
            "zone_id": "Z23TAZ6LKFMNIO"
          },
          "sensitive_attributes": [],
          "private": "eyJlMmJmYjczMC1lY2FhLTExZTYtOGY4OC0zNDM2M2JjN2M0YzAiOnsiY3JlYXRlIjo2MDAwMDAwMDAwMDAsImRlbGV0ZSI6NjAwMDAwMDAwMDAwLCJ1cGRhdGUiOjYwMDAwMDAwMDAwMH19",
          "dependencies": [
            "aws_security_group.alb",
            "aws_subnet.public",
            "aws_vpc.main",
            "data.aws_availability_zones.available"
          ]
        }
      ]
    },
    {
      "mode": "managed",
      "type": "aws_lb_listener",
      "name": "http",
      "provider": "provider[\"registry.terraform.io/hashicorp/aws\"]",
      "instances": [
        {
          "schema_version": 0,
          "attributes": {
            "alpn_policy": null,
            "arn": "arn:aws:elasticloadbalancing:eu-north-1:335360747704:listener/app/dynamodb-sage-alb/aa89432624f0e85d/e7175e19c3747f86",
            "certificate_arn": null,
            "default_action": [
              {
                "authenticate_cognito": [],
                "authenticate_oidc": [],
                "fixed_response": [],
                "forward": [],
                "order": 1,
                "redirect": [],
                "target_group_arn": "arn:aws:elasticloadbalancing:eu-north-1:335360747704:targetgroup/dynamodb-sage-tg/a2efcbf385893031",
                "type": "forward"
              }
            ],
            "id": "arn:aws:elasticloadbalancing:eu-north-1:335360747704:listener/app/dynamodb-sage-alb/aa89432624f0e85d/e7175e19c3747f86",
            "load_balancer_arn": "arn:aws:elasticloadbalancing:eu-north-1:335360747704:loadbalancer/app/dynamodb-sage-alb/aa89432624f0e85d",
            "mutual_authentication": [],
            "port": 80,
            "protocol": "HTTP",
            "routing_http_request_x_amzn_mtls_clientcert_header_name": null,
            "routing_http_request_x_amzn_mtls_clientcert_issuer_header_name": null,
            "routing_http_request_x_amzn_mtls_clientcert_leaf_header_name": null,
            "routing_http_request_x_amzn_mtls_clientcert_serial_number_header_name": null,
            "routing_http_request_x_amzn_mtls_clientcert_subject_header_name": null,
            "routing_http_request_x_amzn_mtls_clientcert_validity_header_name": null,
            "routing_http_request_x_amzn_tls_cipher_suite_header_name": null,
            "routing_http_request_x_amzn_tls_version_header_name": null,
            "routing_http_response_access_control_allow_credentials_header_value": "",
            "routing_http_response_access_control_allow_headers_header_value": "",
            "routing_http_response_access_control_allow_methods_header_value": "",
            "routing_http_response_access_control_allow_origin_header_value": "",
            "routing_http_response_access_control_expose_headers_header_value": "",
            "routing_http_response_access_control_max_age_header_value": "",
            "routing_http_response_content_security_policy_header_value": "",
            "routing_http_response_server_enabled": true,
            "routing_http_response_strict_transport_security_header_value": "",
            "routing_http_response_x_content_type_options_header_value": "",
            "routing_http_response_x_frame_options_header_value": "",
            "ssl_policy": "",
            "tags": {},
            "tags_all": {
              "Environment": "production",
              "ManagedBy": "terraform",
              "Project": "dynamodb-sage"
            },
            "tcp_idle_timeout_seconds": null,
            "timeouts": null
          },
          "sensitive_attributes": [],
          "private": "eyJlMmJmYjczMC1lY2FhLTExZTYtOGY4OC0zNDM2M2JjN2M0YzAiOnsiY3JlYXRlIjozMDAwMDAwMDAwMDAsInVwZGF0ZSI6MzAwMDAwMDAwMDAwfX0=",
          "dependencies": [
            "aws_lb.app",
            "aws_lb_target_group.app",
            "aws_security_group.alb",
            "aws_subnet.public",
            "aws_vpc.main",
            "data.aws_availability_zones.available"
          ]
        }
      ]
    },
    {
      "mode": "managed",
      "type": "aws_lb_target_group",
      "name": "app",
      "provider": "provider[\"registry.terraform.io/hashicorp/aws\"]",
      "instances": [
        {
          "schema_version": 0,
          "attributes": {
            "arn": "arn:aws:elasticloadbalancing:eu-north-1:335360747704:targetgroup/dynamodb-sage-tg/a2efcbf385893031",
            "arn_suffix": "targetgroup/dynamodb-sage-tg/a2efcbf385893031",
            "connection_termination": null,
            "deregistration_delay": "300",
            "health_check": [
              {
                "enabled": true,
                "healthy_threshold": 2,
                "interval": 30,
                "matcher": "200-399",
                "path": "/health",
                "port": "traffic-port",
                "protocol": "HTTP",
                "timeout": 5,
                "unhealthy_threshold": 3
              }
            ],
            "id": "arn:aws:elasticloadbalancing:eu-north-1:335360747704:targetgroup/dynamodb-sage-tg/a2efcbf385893031",
            "ip_address_type": "ipv4",
            "lambda_multi_value_headers_enabled": false,
            "load_balancer_arns": [
              "arn:aws:elasticloadbalancing:eu-north-1:335360747704:loadbalancer/app/dynamodb-sage-alb/aa89432624f0e85d"
            ],
            "load_balancing_algorithm_type": "round_robin",
            "load_balancing_anomaly_mitigation": "off",
            "load_balancing_cross_zone_enabled": "use_load_balancer_configuration",
            "name": "dynamodb-sage-tg",
            "name_prefix": "",
            "port": 8080,
            "preserve_client_ip": null,
            "protocol": "HTTP",
            "protocol_version": "HTTP1",
            "proxy_protocol_v2": false,
            "slow_start": 0,
            "stickiness": [
              {
                "cookie_duration": 86400,
                "cookie_name": "",
                "enabled": true,
                "type": "lb_cookie"
              }
            ],
            "tags": {
              "Name": "dynamodb-sage-tg"
            },
            "tags_all": {
              "Environment": "production",
              "ManagedBy": "terraform",
              "Name": "dynamodb-sage-tg",
              "Project": "dynamodb-sage"
            },
            "target_failover": [
              {
                "on_deregistration": null,
                "on_unhealthy": null
              }
            ],
            "target_group_health": [
              {
                "dns_failover": [
                  {
                    "minimum_healthy_targets_count": "1",
                    "minimum_healthy_targets_percentage": "off"
                  }
                ],
                "unhealthy_state_routing": [
                  {
                    "minimum_healthy_targets_count": 1,
                    "minimum_healthy_targets_percentage": "off"
                  }
                ]
              }
            ],
            "target_health_state": [
              {
                "enable_unhealthy_connection_termination": null,
                "unhealthy_draining_interval": null
              }
            ],
            "target_type": "ip",
            "vpc_id": "vpc-0c2eba6c64db0084c"
          },
          "sensitive_attributes": [],
          "private": "bnVsbA==",
          "dependencies": [
            "aws_vpc.main"
          ]
        }
      ]
    },
    {
      "mode": "managed",
      "type": "aws_route_table",
      "name": "public",
      "provider": "provider[\"registry.terraform.io/hashicorp/aws\"]",
      "instances": [
        {
          "schema_version": 0,
          "attributes": {
            "arn": "arn:aws:ec2:eu-north-1:335360747704:route-table/rtb-0b81edd1fa164e1cc",
            "id": "rtb-0b81edd1fa164e1cc",
            "owner_id": "335360747704",
            "propagating_vgws": [],
            "route": [
              {
                "carrier_gateway_id": "",
                "cidr_block": "0.0.0.0/0",
                "core_network_arn": "",
                "destination_prefix_list_id": "",
                "egress_only_gateway_id": "",
                "gateway_id": "igw-0b9b162afb9bfbff1",
                "ipv6_cidr_block": "",
                "local_gateway_id": "",
                "nat_gateway_id": "",
                "network_interface_id": "",
                "transit_gateway_id": "",
                "vpc_endpoint_id": "",
                "vpc_peering_connection_id": ""
              }
            ],
            "tags": {
              "Name": "dynamodb-sage-public-rt"
            },
            "tags_all": {
              "Environment": "production",
              "ManagedBy": "terraform",
              "Name": "dynamodb-sage-public-rt",
              "Project": "dynamodb-sage"
            },
            "timeouts": null,
            "vpc_id": "vpc-0c2eba6c64db0084c"
          },
          "sensitive_attributes": [],
          "private": "eyJlMmJmYjczMC1lY2FhLTExZTYtOGY4OC0zNDM2M2JjN2M0YzAiOnsiY3JlYXRlIjozMDAwMDAwMDAwMDAsImRlbGV0ZSI6MzAwMDAwMDAwMDAwLCJ1cGRhdGUiOjEyMDAwMDAwMDAwMH19",
          "dependencies": [
            "aws_internet_gateway.main",
            "aws_vpc.main"
          ]
        }
      ]
    },
    {
      "mode": "managed",
      "type": "aws_route_table_association",
      "name": "public",
      "provider": "provider[\"registry.terraform.io/hashicorp/aws\"]",
      "instances": [
        {
          "index_key": 0,
          "schema_version": 0,
          "attributes": {
            "gateway_id": "",
            "id": "rtbassoc-010ad9e6feb526c4e",
            "route_table_id": "rtb-0b81edd1fa164e1cc",
            "subnet_id": "subnet-0e502ebab7631f04e",
            "timeouts": null
          },
          "sensitive_attributes": [],
          "private": "eyJlMmJmYjczMC1lY2FhLTExZTYtOGY4OC0zNDM2M2JjN2M0YzAiOnsiY3JlYXRlIjozMDAwMDAwMDAwMDAsImRlbGV0ZSI6MzAwMDAwMDAwMDAwLCJ1cGRhdGUiOjEyMDAwMDAwMDAwMH19",
          "dependencies": [
            "aws_internet_gateway.main",
            "aws_route_table.public",
            "aws_subnet.public",
            "aws_vpc.main",
            "data.aws_availability_zones.available"
          ]
        },
        {
          "index_key": 1,
          "schema_version": 0,
          "attributes": {
            "gateway_id": "",
            "id": "rtbassoc-0c5f2d608f1827578",
            "route_table_id": "rtb-0b81edd1fa164e1cc",
            "subnet_id": "subnet-0fd75f8c3f9461e37",
            "timeouts": null
          },
          "sensitive_attributes": [],
          "private": "eyJlMmJmYjczMC1lY2FhLTExZTYtOGY4OC0zNDM2M2JjN2M0YzAiOnsiY3JlYXRlIjozMDAwMDAwMDAwMDAsImRlbGV0ZSI6MzAwMDAwMDAwMDAwLCJ1cGRhdGUiOjEyMDAwMDAwMDAwMH19",
          "dependencies": [
            "aws_internet_gateway.main",
            "aws_route_table.public",
            "aws_subnet.public",
            "aws_vpc.main",
            "data.aws_availability_zones.available"
          ]
        }
      ]
    },
    {
      "mode": "managed",
      "type": "aws_security_group",
      "name": "alb",
      "provider": "provider[\"registry.terraform.io/hashicorp/aws\"]",
      "instances": [
        {
          "schema_version": 1,
          "attributes": {
            "arn": "arn:aws:ec2:eu-north-1:335360747704:security-group/sg-06cda5de73632c408",
            "description": "Allow inbound HTTP on port 80",
            "egress": [
              {
                "cidr_blocks": [
                  "0.0.0.0/0"
                ],
                "description": "Allow outbound to Fargate tasks",
                "from_port": 0,
                "ipv6_cidr_blocks": [],
                "prefix_list_ids": [],
                "protocol": "-1",
                "security_groups": [],
                "self": false,
                "to_port": 0
              }
            ],
            "id": "sg-06cda5de73632c408",
            "ingress": [
              {
                "cidr_blocks": [
                  "0.0.0.0/0"
                ],
                "description": "HTTP from anywhere",
                "from_port": 80,
                "ipv6_cidr_blocks": [],
                "prefix_list_ids": [],
                "protocol": "tcp",
                "security_groups": [],
                "self": false,
                "to_port": 80
              }
            ],
            "name": "dynamodb-sage-alb-sg",
            "name_prefix": "",
            "owner_id": "335360747704",
            "revoke_rules_on_delete": false,
            "tags": {
              "Name": "dynamodb-sage-alb-sg"
            },
            "tags_all": {
              "Environment": "production",
              "ManagedBy": "terraform",
              "Name": "dynamodb-sage-alb-sg",
              "Project": "dynamodb-sage"
            },
            "timeouts": null,
            "vpc_id": "vpc-0c2eba6c64db0084c"
          },
          "sensitive_attributes": [],
          "private": "eyJlMmJmYjczMC1lY2FhLTExZTYtOGY4OC0zNDM2M2JjN2M0YzAiOnsiY3JlYXRlIjo2MDAwMDAwMDAwMDAsImRlbGV0ZSI6OTAwMDAwMDAwMDAwfSwic2NoZW1hX3ZlcnNpb24iOiIxIn0=",
          "dependencies": [
            "aws_vpc.main"
          ]
        }
      ]
    },
    {
      "mode": "managed",
      "type": "aws_security_group",
      "name": "ecs_tasks",
      "provider": "provider[\"registry.terraform.io/hashicorp/aws\"]",
      "instances": [
        {
          "schema_version": 1,
          "attributes": {
            "arn": "arn:aws:ec2:eu-north-1:335360747704:security-group/sg-01295442cbb9a2f34",
            "description": "Allow inbound from ALB on container port",
            "egress": [
              {
                "cidr_blocks": [
                  "0.0.0.0/0"
                ],
                "description": "Allow all outbound",
                "from_port": 0,
                "ipv6_cidr_blocks": [],
                "prefix_list_ids": [],
                "protocol": "-1",
                "security_groups": [],
                "self": false,
                "to_port": 0
              }
            ],
            "id": "sg-01295442cbb9a2f34",
            "ingress": [
              {
                "cidr_blocks": [],
                "description": "Allow traffic from ALB",
                "from_port": 8080,
                "ipv6_cidr_blocks": [],
                "prefix_list_ids": [],
                "protocol": "tcp",
                "security_groups": [
                  "sg-06cda5de73632c408"
                ],
                "self": false,
                "to_port": 8080
              }
            ],
            "name": "dynamodb-sage-ecs-tasks-sg",
            "name_prefix": "",
            "owner_id": "335360747704",
            "revoke_rules_on_delete": false,
            "tags": {
              "Name": "dynamodb-sage-ecs-tasks-sg"
            },
            "tags_all": {
              "Environment": "production",
              "ManagedBy": "terraform",
              "Name": "dynamodb-sage-ecs-tasks-sg",
              "Project": "dynamodb-sage"
            },
            "timeouts": null,
            "vpc_id": "vpc-0c2eba6c64db0084c"
          },
          "sensitive_attributes": [],
          "private": "eyJlMmJmYjczMC1lY2FhLTExZTYtOGY4OC0zNDM2M2JjN2M0YzAiOnsiY3JlYXRlIjo2MDAwMDAwMDAwMDAsImRlbGV0ZSI6OTAwMDAwMDAwMDAwfSwic2NoZW1hX3ZlcnNpb24iOiIxIn0=",
          "dependencies": [
            "aws_security_group.alb",
            "aws_vpc.main"
          ]
        }
      ]
    },
    {
      "mode": "managed",
      "type": "aws_security_group",
      "name": "efs",
      "provider": "provider[\"registry.terraform.io/hashicorp/aws\"]",
      "instances": [
        {
          "schema_version": 1,
          "attributes": {
            "arn": "arn:aws:ec2:eu-north-1:335360747704:security-group/sg-02ae4f8b0a6dc47d1",
            "description": "Allow NFS from ECS tasks",
            "egress": [],
            "id": "sg-02ae4f8b0a6dc47d1",
            "ingress": [
              {
                "cidr_blocks": [],
                "description": "NFS from ECS tasks",
                "from_port": 2049,
                "ipv6_cidr_blocks": [],
                "prefix_list_ids": [],
                "protocol": "tcp",
                "security_groups": [
                  "sg-01295442cbb9a2f34"
                ],
                "self": false,
                "to_port": 2049
              }
            ],
            "name": "dynamodb-sage-efs-sg",
            "name_prefix": "",
            "owner_id": "335360747704",
            "revoke_rules_on_delete": false,
            "tags": {
              "Name": "dynamodb-sage-efs-sg"
            },
            "tags_all": {
              "Environment": "production",
              "ManagedBy": "terraform",
              "Name": "dynamodb-sage-efs-sg",
              "Project": "dynamodb-sage"
            },
            "timeouts": null,
            "vpc_id": "vpc-0c2eba6c64db0084c"
          },
          "sensitive_attributes": [],
          "private": "eyJlMmJmYjczMC1lY2FhLTExZTYtOGY4OC0zNDM2M2JjN2M0YzAiOnsiY3JlYXRlIjo2MDAwMDAwMDAwMDAsImRlbGV0ZSI6OTAwMDAwMDAwMDAwfSwic2NoZW1hX3ZlcnNpb24iOiIxIn0=",
          "dependencies": [
            "aws_security_group.ecs_tasks",
            "aws_vpc.main"
          ]
        }
      ]
    },
    {
      "mode": "managed",
      "type": "aws_subnet",
      "name": "public",
      "provider": "provider[\"registry.terraform.io/hashicorp/aws\"]",
      "instances": [
        {
          "index_key": 0,
          "schema_version": 1,
          "attributes": {
            "arn": "arn:aws:ec2:eu-north-1:335360747704:subnet/subnet-0e502ebab7631f04e",
            "assign_ipv6_address_on_creation": false,
            "availability_zone": "eu-north-1a",
            "availability_zone_id": "eun1-az1",
            "cidr_block": "10.0.1.0/24",
            "customer_owned_ipv4_pool": "",
            "enable_dns64": false,
            "enable_lni_at_device_index": 0,
            "enable_resource_name_dns_a_record_on_launch": false,
            "enable_resource_name_dns_aaaa_record_on_launch": false,
            "id": "subnet-0e502ebab7631f04e",
            "ipv6_cidr_block": "",
            "ipv6_cidr_block_association_id": "",
            "ipv6_native": false,
            "map_customer_owned_ip_on_launch": false,
            "map_public_ip_on_launch": true,
            "outpost_arn": "",
            "owner_id": "335360747704",
            "private_dns_hostname_type_on_launch": "ip-name",
            "tags": {
              "Name": "dynamodb-sage-public-1"
            },
            "tags_all": {
              "Environment": "production",
              "ManagedBy": "terraform",
              "Name": "dynamodb-sage-public-1",
              "Project": "dynamodb-sage"
            },
            "timeouts": null,
            "vpc_id": "vpc-0c2eba6c64db0084c"
          },
          "sensitive_attributes": [],
          "private": "eyJlMmJmYjczMC1lY2FhLTExZTYtOGY4OC0zNDM2M2JjN2M0YzAiOnsiY3JlYXRlIjo2MDAwMDAwMDAwMDAsImRlbGV0ZSI6MTIwMDAwMDAwMDAwMH0sInNjaGVtYV92ZXJzaW9uIjoiMSJ9",
          "dependencies": [
            "aws_vpc.main",
            "data.aws_availability_zones.available"
          ]
        },
        {
          "index_key": 1,
          "schema_version": 1,
          "attributes": {
            "arn": "arn:aws:ec2:eu-north-1:335360747704:subnet/subnet-0fd75f8c3f9461e37",
            "assign_ipv6_address_on_creation": false,
            "availability_zone": "eu-north-1b",
            "availability_zone_id": "eun1-az2",
            "cidr_block": "10.0.2.0/24",
            "customer_owned_ipv4_pool": "",
            "enable_dns64": false,
            "enable_lni_at_device_index": 0,
            "enable_resource_name_dns_a_record_on_launch": false,
            "enable_resource_name_dns_aaaa_record_on_launch": false,
            "id": "subnet-0fd75f8c3f9461e37",
            "ipv6_cidr_block": "",
            "ipv6_cidr_block_association_id": "",
            "ipv6_native": false,
            "map_customer_owned_ip_on_launch": false,
            "map_public_ip_on_launch": true,
            "outpost_arn": "",
            "owner_id": "335360747704",
            "private_dns_hostname_type_on_launch": "ip-name",
            "tags": {
              "Name": "dynamodb-sage-public-2"
            },
            "tags_all": {
              "Environment": "production",
              "ManagedBy": "terraform",
              "Name": "dynamodb-sage-public-2",
              "Project": "dynamodb-sage"
            },
            "timeouts": null,
            "vpc_id": "vpc-0c2eba6c64db0084c"
          },
          "sensitive_attributes": [],
          "private": "eyJlMmJmYjczMC1lY2FhLTExZTYtOGY4OC0zNDM2M2JjN2M0YzAiOnsiY3JlYXRlIjo2MDAwMDAwMDAwMDAsImRlbGV0ZSI6MTIwMDAwMDAwMDAwMH0sInNjaGVtYV92ZXJzaW9uIjoiMSJ9",
          "dependencies": [
            "aws_vpc.main",
            "data.aws_availability_zones.available"
          ]
        }
      ]
    },
    {
      "mode": "managed",
      "type": "aws_vpc",
      "name": "main",
      "provider": "provider[\"registry.terraform.io/hashicorp/aws\"]",
      "instances": [
        {
          "schema_version": 1,
          "attributes": {
            "arn": "arn:aws:ec2:eu-north-1:335360747704:vpc/vpc-0c2eba6c64db0084c",
            "assign_generated_ipv6_cidr_block": false,
            "cidr_block": "10.0.0.0/16",
            "default_network_acl_id": "acl-0f4c8a84a18eb04ca",
            "default_route_table_id": "rtb-0aca3a9184ce47ac4",
            "default_security_group_id": "sg-0e93dd9414aac93a5",
            "dhcp_options_id": "dopt-04ceefa106d6fb4ba",
            "enable_dns_hostnames": true,
            "enable_dns_support": true,
            "enable_network_address_usage_metrics": false,
            "id": "vpc-0c2eba6c64db0084c",
            "instance_tenancy": "default",
            "ipv4_ipam_pool_id": null,
            "ipv4_netmask_length": null,
            "ipv6_association_id": "",
            "ipv6_cidr_block": "",
            "ipv6_cidr_block_network_border_group": "",
            "ipv6_ipam_pool_id": "",
            "ipv6_netmask_length": 0,
            "main_route_table_id": "rtb-0aca3a9184ce47ac4",
            "owner_id": "335360747704",
            "tags": {
              "Name": "dynamodb-sage-vpc"
            },
            "tags_all": {
              "Environment": "production",
              "ManagedBy": "terraform",
              "Name": "dynamodb-sage-vpc",
              "Project": "dynamodb-sage"
            }
          },
          "sensitive_attributes": [],
          "private": "eyJzY2hlbWFfdmVyc2lvbiI6IjEifQ=="
        }
      ]
    }
  ],
  "check_results": null
}
